// !$*UTF8*$!
{
	archiveVersion = 1;
	classes = {
	};
	objectVersion = 46;
	objects = {

/* Begin PBXBuildFile section */
		1AC901985A64CC16C5F6D67B /* Pods_JuntoTestTests.framework in Frameworks */ = {isa = PBXBuildFile; fileRef = B4922B72515DC1A76E9116C8 /* Pods_JuntoTestTests.framework */; };
		213D60CF1D2C83071BDB7A9F /* Pods_JuntoTest.framework in Frameworks */ = {isa = PBXBuildFile; fileRef = 0E7AF8FF2976AAC2A0A40E5B /* Pods_JuntoTest.framework */; };
		778669D2E6BF6EC3AA446E7E /* Pods_JuntoTestUITests.framework in Frameworks */ = {isa = PBXBuildFile; fileRef = 3696279CC68B3A929301C7C1 /* Pods_JuntoTestUITests.framework */; };
		B47D3EA91F16651F00BFAEE9 /* AppDelegate.swift in Sources */ = {isa = PBXBuildFile; fileRef = B47D3EA81F16651F00BFAEE9 /* AppDelegate.swift */; };
		B47D3EAB1F16651F00BFAEE9 /* ViewController.swift in Sources */ = {isa = PBXBuildFile; fileRef = B47D3EAA1F16651F00BFAEE9 /* ViewController.swift */; };
		B47D3EAE1F16651F00BFAEE9 /* Main.storyboard in Resources */ = {isa = PBXBuildFile; fileRef = B47D3EAC1F16651F00BFAEE9 /* Main.storyboard */; };
		B47D3EB01F16651F00BFAEE9 /* Assets.xcassets in Resources */ = {isa = PBXBuildFile; fileRef = B47D3EAF1F16651F00BFAEE9 /* Assets.xcassets */; };
		B47D3EB31F16651F00BFAEE9 /* LaunchScreen.storyboard in Resources */ = {isa = PBXBuildFile; fileRef = B47D3EB11F16651F00BFAEE9 /* LaunchScreen.storyboard */; };
		B47D3EBE1F16652000BFAEE9 /* JuntoTestTests.swift in Sources */ = {isa = PBXBuildFile; fileRef = B47D3EBD1F16652000BFAEE9 /* JuntoTestTests.swift */; };
		B47D3EC91F16652000BFAEE9 /* JuntoTestUITests.swift in Sources */ = {isa = PBXBuildFile; fileRef = B47D3EC81F16652000BFAEE9 /* JuntoTestUITests.swift */; };
/* End PBXBuildFile section */

/* Begin PBXContainerItemProxy section */
		B47D3EBA1F16652000BFAEE9 /* PBXContainerItemProxy */ = {
			isa = PBXContainerItemProxy;
			containerPortal = B47D3E9D1F16651F00BFAEE9 /* Project object */;
			proxyType = 1;
			remoteGlobalIDString = B47D3EA41F16651F00BFAEE9;
			remoteInfo = JuntoTest;
		};
		B47D3EC51F16652000BFAEE9 /* PBXContainerItemProxy */ = {
			isa = PBXContainerItemProxy;
			containerPortal = B47D3E9D1F16651F00BFAEE9 /* Project object */;
			proxyType = 1;
			remoteGlobalIDString = B47D3EA41F16651F00BFAEE9;
			remoteInfo = JuntoTest;
		};
/* End PBXContainerItemProxy section */

/* Begin PBXFileReference section */
		0E7AF8FF2976AAC2A0A40E5B /* Pods_JuntoTest.framework */ = {isa = PBXFileReference; explicitFileType = wrapper.framework; includeInIndex = 0; path = Pods_JuntoTest.framework; sourceTree = BUILT_PRODUCTS_DIR; };
		3696279CC68B3A929301C7C1 /* Pods_JuntoTestUITests.framework */ = {isa = PBXFileReference; explicitFileType = wrapper.framework; includeInIndex = 0; path = Pods_JuntoTestUITests.framework; sourceTree = BUILT_PRODUCTS_DIR; };
		47D7589A8832F33F78DB558D /* Pods-JuntoTestUITests.debug.xcconfig */ = {isa = PBXFileReference; includeInIndex = 1; lastKnownFileType = text.xcconfig; name = "Pods-JuntoTestUITests.debug.xcconfig"; path = "Pods/Target Support Files/Pods-JuntoTestUITests/Pods-JuntoTestUITests.debug.xcconfig"; sourceTree = "<group>"; };
		615C3DA944F5EA11C23F0903 /* Pods-JuntoTestUITests.release.xcconfig */ = {isa = PBXFileReference; includeInIndex = 1; lastKnownFileType = text.xcconfig; name = "Pods-JuntoTestUITests.release.xcconfig"; path = "Pods/Target Support Files/Pods-JuntoTestUITests/Pods-JuntoTestUITests.release.xcconfig"; sourceTree = "<group>"; };
		8FEEFC06D30877A9BD111CC8 /* Pods-JuntoTest.debug.xcconfig */ = {isa = PBXFileReference; includeInIndex = 1; lastKnownFileType = text.xcconfig; name = "Pods-JuntoTest.debug.xcconfig"; path = "Pods/Target Support Files/Pods-JuntoTest/Pods-JuntoTest.debug.xcconfig"; sourceTree = "<group>"; };
		9444CDDC2C3F9BE8B3A09959 /* Pods-JuntoTestTests.release.xcconfig */ = {isa = PBXFileReference; includeInIndex = 1; lastKnownFileType = text.xcconfig; name = "Pods-JuntoTestTests.release.xcconfig"; path = "Pods/Target Support Files/Pods-JuntoTestTests/Pods-JuntoTestTests.release.xcconfig"; sourceTree = "<group>"; };
		B47D3EA51F16651F00BFAEE9 /* JuntoTest.app */ = {isa = PBXFileReference; explicitFileType = wrapper.application; includeInIndex = 0; path = JuntoTest.app; sourceTree = BUILT_PRODUCTS_DIR; };
		B47D3EA81F16651F00BFAEE9 /* AppDelegate.swift */ = {isa = PBXFileReference; lastKnownFileType = sourcecode.swift; path = AppDelegate.swift; sourceTree = "<group>"; };
		B47D3EAA1F16651F00BFAEE9 /* ViewController.swift */ = {isa = PBXFileReference; lastKnownFileType = sourcecode.swift; path = ViewController.swift; sourceTree = "<group>"; };
		B47D3EAD1F16651F00BFAEE9 /* Base */ = {isa = PBXFileReference; lastKnownFileType = file.storyboard; name = Base; path = Base.lproj/Main.storyboard; sourceTree = "<group>"; };
		B47D3EAF1F16651F00BFAEE9 /* Assets.xcassets */ = {isa = PBXFileReference; lastKnownFileType = folder.assetcatalog; path = Assets.xcassets; sourceTree = "<group>"; };
		B47D3EB21F16651F00BFAEE9 /* Base */ = {isa = PBXFileReference; lastKnownFileType = file.storyboard; name = Base; path = Base.lproj/LaunchScreen.storyboard; sourceTree = "<group>"; };
		B47D3EB41F16651F00BFAEE9 /* Info.plist */ = {isa = PBXFileReference; lastKnownFileType = text.plist.xml; path = Info.plist; sourceTree = "<group>"; };
		B47D3EB91F16652000BFAEE9 /* JuntoTestTests.xctest */ = {isa = PBXFileReference; explicitFileType = wrapper.cfbundle; includeInIndex = 0; path = JuntoTestTests.xctest; sourceTree = BUILT_PRODUCTS_DIR; };
		B47D3EBD1F16652000BFAEE9 /* JuntoTestTests.swift */ = {isa = PBXFileReference; lastKnownFileType = sourcecode.swift; path = JuntoTestTests.swift; sourceTree = "<group>"; };
		B47D3EBF1F16652000BFAEE9 /* Info.plist */ = {isa = PBXFileReference; lastKnownFileType = text.plist.xml; path = Info.plist; sourceTree = "<group>"; };
		B47D3EC41F16652000BFAEE9 /* JuntoTestUITests.xctest */ = {isa = PBXFileReference; explicitFileType = wrapper.cfbundle; includeInIndex = 0; path = JuntoTestUITests.xctest; sourceTree = BUILT_PRODUCTS_DIR; };
		B47D3EC81F16652000BFAEE9 /* JuntoTestUITests.swift */ = {isa = PBXFileReference; lastKnownFileType = sourcecode.swift; path = JuntoTestUITests.swift; sourceTree = "<group>"; };
		B47D3ECA1F16652000BFAEE9 /* Info.plist */ = {isa = PBXFileReference; lastKnownFileType = text.plist.xml; path = Info.plist; sourceTree = "<group>"; };
		B4922B72515DC1A76E9116C8 /* Pods_JuntoTestTests.framework */ = {isa = PBXFileReference; explicitFileType = wrapper.framework; includeInIndex = 0; path = Pods_JuntoTestTests.framework; sourceTree = BUILT_PRODUCTS_DIR; };
		CD317B8BB8A877CF4E1333C2 /* Pods-JuntoTest.release.xcconfig */ = {isa = PBXFileReference; includeInIndex = 1; lastKnownFileType = text.xcconfig; name = "Pods-JuntoTest.release.xcconfig"; path = "Pods/Target Support Files/Pods-JuntoTest/Pods-JuntoTest.release.xcconfig"; sourceTree = "<group>"; };
		DB42FC946A7C954BCD41CF46 /* Pods-JuntoTestTests.debug.xcconfig */ = {isa = PBXFileReference; includeInIndex = 1; lastKnownFileType = text.xcconfig; name = "Pods-JuntoTestTests.debug.xcconfig"; path = "Pods/Target Support Files/Pods-JuntoTestTests/Pods-JuntoTestTests.debug.xcconfig"; sourceTree = "<group>"; };
/* End PBXFileReference section */

/* Begin PBXFrameworksBuildPhase section */
		B47D3EA21F16651F00BFAEE9 /* Frameworks */ = {
			isa = PBXFrameworksBuildPhase;
			buildActionMask = 2147483647;
			files = (
				213D60CF1D2C83071BDB7A9F /* Pods_JuntoTest.framework in Frameworks */,
			);
			runOnlyForDeploymentPostprocessing = 0;
		};
		B47D3EB61F16652000BFAEE9 /* Frameworks */ = {
			isa = PBXFrameworksBuildPhase;
			buildActionMask = 2147483647;
			files = (
				1AC901985A64CC16C5F6D67B /* Pods_JuntoTestTests.framework in Frameworks */,
			);
			runOnlyForDeploymentPostprocessing = 0;
		};
		B47D3EC11F16652000BFAEE9 /* Frameworks */ = {
			isa = PBXFrameworksBuildPhase;
			buildActionMask = 2147483647;
			files = (
				778669D2E6BF6EC3AA446E7E /* Pods_JuntoTestUITests.framework in Frameworks */,
			);
			runOnlyForDeploymentPostprocessing = 0;
		};
/* End PBXFrameworksBuildPhase section */

/* Begin PBXGroup section */
		77E2737D156A8ACF87438BFC /* Frameworks */ = {
			isa = PBXGroup;
			children = (
				0E7AF8FF2976AAC2A0A40E5B /* Pods_JuntoTest.framework */,
				B4922B72515DC1A76E9116C8 /* Pods_JuntoTestTests.framework */,
				3696279CC68B3A929301C7C1 /* Pods_JuntoTestUITests.framework */,
			);
			name = Frameworks;
			sourceTree = "<group>";
		};
		9DCFFCF2BFA4D7F2F8B9F400 /* Pods */ = {
			isa = PBXGroup;
			children = (
				8FEEFC06D30877A9BD111CC8 /* Pods-JuntoTest.debug.xcconfig */,
				CD317B8BB8A877CF4E1333C2 /* Pods-JuntoTest.release.xcconfig */,
				DB42FC946A7C954BCD41CF46 /* Pods-JuntoTestTests.debug.xcconfig */,
				9444CDDC2C3F9BE8B3A09959 /* Pods-JuntoTestTests.release.xcconfig */,
				47D7589A8832F33F78DB558D /* Pods-JuntoTestUITests.debug.xcconfig */,
				615C3DA944F5EA11C23F0903 /* Pods-JuntoTestUITests.release.xcconfig */,
			);
			name = Pods;
			sourceTree = "<group>";
		};
		B47D3E9C1F16651F00BFAEE9 = {
			isa = PBXGroup;
			children = (
				B47D3EA71F16651F00BFAEE9 /* JuntoTest */,
				B47D3EBC1F16652000BFAEE9 /* JuntoTestTests */,
				B47D3EC71F16652000BFAEE9 /* JuntoTestUITests */,
				B47D3EA61F16651F00BFAEE9 /* Products */,
				9DCFFCF2BFA4D7F2F8B9F400 /* Pods */,
				77E2737D156A8ACF87438BFC /* Frameworks */,
			);
			sourceTree = "<group>";
		};
		B47D3EA61F16651F00BFAEE9 /* Products */ = {
			isa = PBXGroup;
			children = (
				B47D3EA51F16651F00BFAEE9 /* JuntoTest.app */,
				B47D3EB91F16652000BFAEE9 /* JuntoTestTests.xctest */,
				B47D3EC41F16652000BFAEE9 /* JuntoTestUITests.xctest */,
			);
			name = Products;
			sourceTree = "<group>";
		};
		B47D3EA71F16651F00BFAEE9 /* JuntoTest */ = {
			isa = PBXGroup;
			children = (
				B47D3EA81F16651F00BFAEE9 /* AppDelegate.swift */,
				B47D3EAA1F16651F00BFAEE9 /* ViewController.swift */,
				B47D3EAC1F16651F00BFAEE9 /* Main.storyboard */,
				B47D3EAF1F16651F00BFAEE9 /* Assets.xcassets */,
				B47D3EB11F16651F00BFAEE9 /* LaunchScreen.storyboard */,
				B47D3EB41F16651F00BFAEE9 /* Info.plist */,
			);
			path = JuntoTest;
			sourceTree = "<group>";
		};
		B47D3EBC1F16652000BFAEE9 /* JuntoTestTests */ = {
			isa = PBXGroup;
			children = (
				B47D3EBD1F16652000BFAEE9 /* JuntoTestTests.swift */,
				B47D3EBF1F16652000BFAEE9 /* Info.plist */,
			);
			path = JuntoTestTests;
			sourceTree = "<group>";
		};
		B47D3EC71F16652000BFAEE9 /* JuntoTestUITests */ = {
			isa = PBXGroup;
			children = (
				B47D3EC81F16652000BFAEE9 /* JuntoTestUITests.swift */,
				B47D3ECA1F16652000BFAEE9 /* Info.plist */,
			);
			path = JuntoTestUITests;
			sourceTree = "<group>";
		};
/* End PBXGroup section */

/* Begin PBXNativeTarget section */
		B47D3EA41F16651F00BFAEE9 /* JuntoTest */ = {
			isa = PBXNativeTarget;
			buildConfigurationList = B47D3ECD1F16652000BFAEE9 /* Build configuration list for PBXNativeTarget "JuntoTest" */;
			buildPhases = (
				B5E665F6208A4DC3AA2E574C /* [CP] Check Pods Manifest.lock */,
				B47D3EA11F16651F00BFAEE9 /* Sources */,
				B47D3EA21F16651F00BFAEE9 /* Frameworks */,
				B47D3EA31F16651F00BFAEE9 /* Resources */,
				1EE6247C5A20E317E1682112 /* [CP] Embed Pods Frameworks */,
				00C5F29EEB87AA2059A31830 /* [CP] Copy Pods Resources */,
			);
			buildRules = (
			);
			dependencies = (
			);
			name = JuntoTest;
			productName = JuntoTest;
			productReference = B47D3EA51F16651F00BFAEE9 /* JuntoTest.app */;
			productType = "com.apple.product-type.application";
		};
		B47D3EB81F16652000BFAEE9 /* JuntoTestTests */ = {
			isa = PBXNativeTarget;
			buildConfigurationList = B47D3ED01F16652000BFAEE9 /* Build configuration list for PBXNativeTarget "JuntoTestTests" */;
			buildPhases = (
				D1EC56FC89D86A8B378E82B5 /* [CP] Check Pods Manifest.lock */,
				B47D3EB51F16652000BFAEE9 /* Sources */,
				B47D3EB61F16652000BFAEE9 /* Frameworks */,
				B47D3EB71F16652000BFAEE9 /* Resources */,
				0493CFF645036D3EF8DCA71D /* [CP] Embed Pods Frameworks */,
				6D9CD165CAD3D40BD6DA3228 /* [CP] Copy Pods Resources */,
			);
			buildRules = (
			);
			dependencies = (
				B47D3EBB1F16652000BFAEE9 /* PBXTargetDependency */,
			);
			name = JuntoTestTests;
			productName = JuntoTestTests;
			productReference = B47D3EB91F16652000BFAEE9 /* JuntoTestTests.xctest */;
			productType = "com.apple.product-type.bundle.unit-test";
		};
		B47D3EC31F16652000BFAEE9 /* JuntoTestUITests */ = {
			isa = PBXNativeTarget;
			buildConfigurationList = B47D3ED31F16652000BFAEE9 /* Build configuration list for PBXNativeTarget "JuntoTestUITests" */;
			buildPhases = (
				C81AF251ED9D9BC8C27B60AB /* [CP] Check Pods Manifest.lock */,
				B47D3EC01F16652000BFAEE9 /* Sources */,
				B47D3EC11F16652000BFAEE9 /* Frameworks */,
				B47D3EC21F16652000BFAEE9 /* Resources */,
				C4EA7E48E1C10FA9021AEE92 /* [CP] Copy Pods Resources */,
			);
			buildRules = (
			);
			dependencies = (
				B47D3EC61F16652000BFAEE9 /* PBXTargetDependency */,
			);
			name = JuntoTestUITests;
			productName = JuntoTestUITests;
			productReference = B47D3EC41F16652000BFAEE9 /* JuntoTestUITests.xctest */;
			productType = "com.apple.product-type.bundle.ui-testing";
		};
/* End PBXNativeTarget section */

/* Begin PBXProject section */
		B47D3E9D1F16651F00BFAEE9 /* Project object */ = {
			isa = PBXProject;
			attributes = {
				LastSwiftUpdateCheck = 0830;
				LastUpgradeCheck = 0830;
				ORGANIZATIONNAME = "Mikhail Koroteev";
				TargetAttributes = {
					B47D3EA41F16651F00BFAEE9 = {
						CreatedOnToolsVersion = 8.3.3;
						LastSwiftMigration = 0830;
						ProvisioningStyle = Automatic;
					};
					B47D3EB81F16652000BFAEE9 = {
						CreatedOnToolsVersion = 8.3.3;
						LastSwiftMigration = 0830;
						ProvisioningStyle = Automatic;
						TestTargetID = B47D3EA41F16651F00BFAEE9;
					};
					B47D3EC31F16652000BFAEE9 = {
						CreatedOnToolsVersion = 8.3.3;
						LastSwiftMigration = 0830;
						ProvisioningStyle = Automatic;
						TestTargetID = B47D3EA41F16651F00BFAEE9;
					};
				};
			};
			buildConfigurationList = B47D3EA01F16651F00BFAEE9 /* Build configuration list for PBXProject "JuntoTest" */;
			compatibilityVersion = "Xcode 3.2";
			developmentRegion = English;
			hasScannedForEncodings = 0;
			knownRegions = (
				en,
				Base,
			);
			mainGroup = B47D3E9C1F16651F00BFAEE9;
			productRefGroup = B47D3EA61F16651F00BFAEE9 /* Products */;
			projectDirPath = "";
			projectRoot = "";
			targets = (
				B47D3EA41F16651F00BFAEE9 /* JuntoTest */,
				B47D3EB81F16652000BFAEE9 /* JuntoTestTests */,
				B47D3EC31F16652000BFAEE9 /* JuntoTestUITests */,
			);
		};
/* End PBXProject section */

/* Begin PBXResourcesBuildPhase section */
		B47D3EA31F16651F00BFAEE9 /* Resources */ = {
			isa = PBXResourcesBuildPhase;
			buildActionMask = 2147483647;
			files = (
				B47D3EB31F16651F00BFAEE9 /* LaunchScreen.storyboard in Resources */,
				B47D3EB01F16651F00BFAEE9 /* Assets.xcassets in Resources */,
				B47D3EAE1F16651F00BFAEE9 /* Main.storyboard in Resources */,
			);
			runOnlyForDeploymentPostprocessing = 0;
		};
		B47D3EB71F16652000BFAEE9 /* Resources */ = {
			isa = PBXResourcesBuildPhase;
			buildActionMask = 2147483647;
			files = (
			);
			runOnlyForDeploymentPostprocessing = 0;
		};
		B47D3EC21F16652000BFAEE9 /* Resources */ = {
			isa = PBXResourcesBuildPhase;
			buildActionMask = 2147483647;
			files = (
			);
			runOnlyForDeploymentPostprocessing = 0;
		};
/* End PBXResourcesBuildPhase section */

/* Begin PBXShellScriptBuildPhase section */
		00C5F29EEB87AA2059A31830 /* [CP] Copy Pods Resources */ = {
			isa = PBXShellScriptBuildPhase;
			buildActionMask = 2147483647;
			files = (
			);
			inputPaths = (
			);
			name = "[CP] Copy Pods Resources";
			outputPaths = (
			);
			runOnlyForDeploymentPostprocessing = 0;
			shellPath = /bin/sh;
			shellScript = "\"${SRCROOT}/Pods/Target Support Files/Pods-JuntoTest/Pods-JuntoTest-resources.sh\"\n";
			showEnvVarsInLog = 0;
		};
		0493CFF645036D3EF8DCA71D /* [CP] Embed Pods Frameworks */ = {
			isa = PBXShellScriptBuildPhase;
			buildActionMask = 2147483647;
			files = (
			);
			inputPaths = (
			);
			name = "[CP] Embed Pods Frameworks";
			outputPaths = (
			);
			runOnlyForDeploymentPostprocessing = 0;
			shellPath = /bin/sh;
			shellScript = "\"${SRCROOT}/Pods/Target Support Files/Pods-JuntoTestTests/Pods-JuntoTestTests-frameworks.sh\"\n";
			showEnvVarsInLog = 0;
		};
		1EE6247C5A20E317E1682112 /* [CP] Embed Pods Frameworks */ = {
			isa = PBXShellScriptBuildPhase;
			buildActionMask = 2147483647;
			files = (
			);
			inputPaths = (
			);
			name = "[CP] Embed Pods Frameworks";
			outputPaths = (
			);
			runOnlyForDeploymentPostprocessing = 0;
			shellPath = /bin/sh;
			shellScript = "\"${SRCROOT}/Pods/Target Support Files/Pods-JuntoTest/Pods-JuntoTest-frameworks.sh\"\n";
			showEnvVarsInLog = 0;
		};
		6D9CD165CAD3D40BD6DA3228 /* [CP] Copy Pods Resources */ = {
			isa = PBXShellScriptBuildPhase;
			buildActionMask = 2147483647;
			files = (
			);
			inputPaths = (
			);
			name = "[CP] Copy Pods Resources";
			outputPaths = (
			);
			runOnlyForDeploymentPostprocessing = 0;
			shellPath = /bin/sh;
			shellScript = "\"${SRCROOT}/Pods/Target Support Files/Pods-JuntoTestTests/Pods-JuntoTestTests-resources.sh\"\n";
			showEnvVarsInLog = 0;
		};
		B5E665F6208A4DC3AA2E574C /* [CP] Check Pods Manifest.lock */ = {
			isa = PBXShellScriptBuildPhase;
			buildActionMask = 2147483647;
			files = (
			);
			inputPaths = (
			);
			name = "[CP] Check Pods Manifest.lock";
			outputPaths = (
			);
			runOnlyForDeploymentPostprocessing = 0;
			shellPath = /bin/sh;
			shellScript = "diff \"${PODS_ROOT}/../Podfile.lock\" \"${PODS_ROOT}/Manifest.lock\" > /dev/null\nif [[ $? != 0 ]] ; then\n    cat << EOM\nerror: The sandbox is not in sync with the Podfile.lock. Run 'pod install' or update your CocoaPods installation.\nEOM\n    exit 1\nfi\n";
			showEnvVarsInLog = 0;
		};
		C4EA7E48E1C10FA9021AEE92 /* [CP] Copy Pods Resources */ = {
			isa = PBXShellScriptBuildPhase;
			buildActionMask = 2147483647;
			files = (
			);
			inputPaths = (
			);
			name = "[CP] Copy Pods Resources";
			outputPaths = (
			);
			runOnlyForDeploymentPostprocessing = 0;
			shellPath = /bin/sh;
			shellScript = "\"${SRCROOT}/Pods/Target Support Files/Pods-JuntoTestUITests/Pods-JuntoTestUITests-resources.sh\"\n";
			showEnvVarsInLog = 0;
		};
		C81AF251ED9D9BC8C27B60AB /* [CP] Check Pods Manifest.lock */ = {
			isa = PBXShellScriptBuildPhase;
			buildActionMask = 2147483647;
			files = (
			);
			inputPaths = (
			);
			name = "[CP] Check Pods Manifest.lock";
			outputPaths = (
			);
			runOnlyForDeploymentPostprocessing = 0;
			shellPath = /bin/sh;
			shellScript = "diff \"${PODS_ROOT}/../Podfile.lock\" \"${PODS_ROOT}/Manifest.lock\" > /dev/null\nif [[ $? != 0 ]] ; then\n    cat << EOM\nerror: The sandbox is not in sync with the Podfile.lock. Run 'pod install' or update your CocoaPods installation.\nEOM\n    exit 1\nfi\n";
			showEnvVarsInLog = 0;
		};
		D1EC56FC89D86A8B378E82B5 /* [CP] Check Pods Manifest.lock */ = {
			isa = PBXShellScriptBuildPhase;
			buildActionMask = 2147483647;
			files = (
			);
			inputPaths = (
			);
			name = "[CP] Check Pods Manifest.lock";
			outputPaths = (
			);
			runOnlyForDeploymentPostprocessing = 0;
			shellPath = /bin/sh;
			shellScript = "diff \"${PODS_ROOT}/../Podfile.lock\" \"${PODS_ROOT}/Manifest.lock\" > /dev/null\nif [[ $? != 0 ]] ; then\n    cat << EOM\nerror: The sandbox is not in sync with the Podfile.lock. Run 'pod install' or update your CocoaPods installation.\nEOM\n    exit 1\nfi\n";
			showEnvVarsInLog = 0;
		};
/* End PBXShellScriptBuildPhase section */

/* Begin PBXSourcesBuildPhase section */
		B47D3EA11F16651F00BFAEE9 /* Sources */ = {
			isa = PBXSourcesBuildPhase;
			buildActionMask = 2147483647;
			files = (
				B47D3EAB1F16651F00BFAEE9 /* ViewController.swift in Sources */,
				B47D3EA91F16651F00BFAEE9 /* AppDelegate.swift in Sources */,
			);
			runOnlyForDeploymentPostprocessing = 0;
		};
		B47D3EB51F16652000BFAEE9 /* Sources */ = {
			isa = PBXSourcesBuildPhase;
			buildActionMask = 2147483647;
			files = (
				B47D3EBE1F16652000BFAEE9 /* JuntoTestTests.swift in Sources */,
			);
			runOnlyForDeploymentPostprocessing = 0;
		};
		B47D3EC01F16652000BFAEE9 /* Sources */ = {
			isa = PBXSourcesBuildPhase;
			buildActionMask = 2147483647;
			files = (
				B47D3EC91F16652000BFAEE9 /* JuntoTestUITests.swift in Sources */,
			);
			runOnlyForDeploymentPostprocessing = 0;
		};
/* End PBXSourcesBuildPhase section */

/* Begin PBXTargetDependency section */
		B47D3EBB1F16652000BFAEE9 /* PBXTargetDependency */ = {
			isa = PBXTargetDependency;
			target = B47D3EA41F16651F00BFAEE9 /* JuntoTest */;
			targetProxy = B47D3EBA1F16652000BFAEE9 /* PBXContainerItemProxy */;
		};
		B47D3EC61F16652000BFAEE9 /* PBXTargetDependency */ = {
			isa = PBXTargetDependency;
			target = B47D3EA41F16651F00BFAEE9 /* JuntoTest */;
			targetProxy = B47D3EC51F16652000BFAEE9 /* PBXContainerItemProxy */;
		};
/* End PBXTargetDependency section */

/* Begin PBXVariantGroup section */
		B47D3EAC1F16651F00BFAEE9 /* Main.storyboard */ = {
			isa = PBXVariantGroup;
			children = (
				B47D3EAD1F16651F00BFAEE9 /* Base */,
			);
			name = Main.storyboard;
			sourceTree = "<group>";
		};
		B47D3EB11F16651F00BFAEE9 /* LaunchScreen.storyboard */ = {
			isa = PBXVariantGroup;
			children = (
				B47D3EB21F16651F00BFAEE9 /* Base */,
			);
			name = LaunchScreen.storyboard;
			sourceTree = "<group>";
		};
/* End PBXVariantGroup section */

/* Begin XCBuildConfiguration section */
		B47D3ECB1F16652000BFAEE9 /* Debug */ = {
			isa = XCBuildConfiguration;
			buildSettings = {
				ALWAYS_SEARCH_USER_PATHS = NO;
				CLANG_ANALYZER_NONNULL = YES;
				CLANG_ANALYZER_NUMBER_OBJECT_CONVERSION = YES_AGGRESSIVE;
				CLANG_CXX_LANGUAGE_STANDARD = "gnu++0x";
				CLANG_CXX_LIBRARY = "libc++";
				CLANG_ENABLE_MODULES = YES;
				CLANG_ENABLE_OBJC_ARC = YES;
				CLANG_WARN_BOOL_CONVERSION = YES;
				CLANG_WARN_CONSTANT_CONVERSION = YES;
				CLANG_WARN_DIRECT_OBJC_ISA_USAGE = YES_ERROR;
				CLANG_WARN_DOCUMENTATION_COMMENTS = YES;
				CLANG_WARN_EMPTY_BODY = YES;
				CLANG_WARN_ENUM_CONVERSION = YES;
				CLANG_WARN_INFINITE_RECURSION = YES;
				CLANG_WARN_INT_CONVERSION = YES;
				CLANG_WARN_OBJC_ROOT_CLASS = YES_ERROR;
				CLANG_WARN_SUSPICIOUS_MOVE = YES;
				CLANG_WARN_UNREACHABLE_CODE = YES;
				CLANG_WARN__DUPLICATE_METHOD_MATCH = YES;
				"CODE_SIGN_IDENTITY[sdk=iphoneos*]" = "iPhone Developer";
				COPY_PHASE_STRIP = NO;
				DEBUG_INFORMATION_FORMAT = dwarf;
				ENABLE_STRICT_OBJC_MSGSEND = YES;
				ENABLE_TESTABILITY = YES;
				GCC_C_LANGUAGE_STANDARD = gnu99;
				GCC_DYNAMIC_NO_PIC = NO;
				GCC_NO_COMMON_BLOCKS = YES;
				GCC_OPTIMIZATION_LEVEL = 0;
				GCC_PREPROCESSOR_DEFINITIONS = (
					"DEBUG=1",
					"$(inherited)",
				);
				GCC_WARN_64_TO_32_BIT_CONVERSION = YES;
				GCC_WARN_ABOUT_RETURN_TYPE = YES_ERROR;
				GCC_WARN_UNDECLARED_SELECTOR = YES;
				GCC_WARN_UNINITIALIZED_AUTOS = YES_AGGRESSIVE;
				GCC_WARN_UNUSED_FUNCTION = YES;
				GCC_WARN_UNUSED_VARIABLE = YES;
				IPHONEOS_DEPLOYMENT_TARGET = 10.3;
				MTL_ENABLE_DEBUG_INFO = YES;
				ONLY_ACTIVE_ARCH = YES;
				SDKROOT = iphoneos;
				SWIFT_ACTIVE_COMPILATION_CONDITIONS = DEBUG;
				SWIFT_OPTIMIZATION_LEVEL = "-Onone";
			};
			name = Debug;
		};
		B47D3ECC1F16652000BFAEE9 /* Release */ = {
			isa = XCBuildConfiguration;
			buildSettings = {
				ALWAYS_SEARCH_USER_PATHS = NO;
				CLANG_ANALYZER_NONNULL = YES;
				CLANG_ANALYZER_NUMBER_OBJECT_CONVERSION = YES_AGGRESSIVE;
				CLANG_CXX_LANGUAGE_STANDARD = "gnu++0x";
				CLANG_CXX_LIBRARY = "libc++";
				CLANG_ENABLE_MODULES = YES;
				CLANG_ENABLE_OBJC_ARC = YES;
				CLANG_WARN_BOOL_CONVERSION = YES;
				CLANG_WARN_CONSTANT_CONVERSION = YES;
				CLANG_WARN_DIRECT_OBJC_ISA_USAGE = YES_ERROR;
				CLANG_WARN_DOCUMENTATION_COMMENTS = YES;
				CLANG_WARN_EMPTY_BODY = YES;
				CLANG_WARN_ENUM_CONVERSION = YES;
				CLANG_WARN_INFINITE_RECURSION = YES;
				CLANG_WARN_INT_CONVERSION = YES;
				CLANG_WARN_OBJC_ROOT_CLASS = YES_ERROR;
				CLANG_WARN_SUSPICIOUS_MOVE = YES;
				CLANG_WARN_UNREACHABLE_CODE = YES;
				CLANG_WARN__DUPLICATE_METHOD_MATCH = YES;
				"CODE_SIGN_IDENTITY[sdk=iphoneos*]" = "iPhone Developer";
				COPY_PHASE_STRIP = NO;
				DEBUG_INFORMATION_FORMAT = "dwarf-with-dsym";
				ENABLE_NS_ASSERTIONS = NO;
				ENABLE_STRICT_OBJC_MSGSEND = YES;
				GCC_C_LANGUAGE_STANDARD = gnu99;
				GCC_NO_COMMON_BLOCKS = YES;
				GCC_WARN_64_TO_32_BIT_CONVERSION = YES;
				GCC_WARN_ABOUT_RETURN_TYPE = YES_ERROR;
				GCC_WARN_UNDECLARED_SELECTOR = YES;
				GCC_WARN_UNINITIALIZED_AUTOS = YES_AGGRESSIVE;
				GCC_WARN_UNUSED_FUNCTION = YES;
				GCC_WARN_UNUSED_VARIABLE = YES;
				IPHONEOS_DEPLOYMENT_TARGET = 10.3;
				MTL_ENABLE_DEBUG_INFO = NO;
				SDKROOT = iphoneos;
				SWIFT_OPTIMIZATION_LEVEL = "-Owholemodule";
				VALIDATE_PRODUCT = YES;
			};
			name = Release;
		};
		B47D3ECE1F16652000BFAEE9 /* Debug */ = {
			isa = XCBuildConfiguration;
			baseConfigurationReference = 8FEEFC06D30877A9BD111CC8 /* Pods-JuntoTest.debug.xcconfig */;
			buildSettings = {
				ASSETCATALOG_COMPILER_APPICON_NAME = AppIcon;
				INFOPLIST_FILE = JuntoTest/Info.plist;
				LD_RUNPATH_SEARCH_PATHS = "$(inherited) @executable_path/Frameworks";
				PRODUCT_BUNDLE_IDENTIFIER = michanical.JuntoTest;
				PRODUCT_NAME = "$(TARGET_NAME)";
				SWIFT_VERSION = 3.0;
			};
			name = Debug;
		};
		B47D3ECF1F16652000BFAEE9 /* Release */ = {
			isa = XCBuildConfiguration;
			baseConfigurationReference = CD317B8BB8A877CF4E1333C2 /* Pods-JuntoTest.release.xcconfig */;
			buildSettings = {
				ASSETCATALOG_COMPILER_APPICON_NAME = AppIcon;
				INFOPLIST_FILE = JuntoTest/Info.plist;
				LD_RUNPATH_SEARCH_PATHS = "$(inherited) @executable_path/Frameworks";
				PRODUCT_BUNDLE_IDENTIFIER = michanical.JuntoTest;
				PRODUCT_NAME = "$(TARGET_NAME)";
				SWIFT_VERSION = 3.0;
			};
			name = Release;
		};
		B47D3ED11F16652000BFAEE9 /* Debug */ = {
			isa = XCBuildConfiguration;
			baseConfigurationReference = DB42FC946A7C954BCD41CF46 /* Pods-JuntoTestTests.debug.xcconfig */;
			buildSettings = {
				ALWAYS_EMBED_SWIFT_STANDARD_LIBRARIES = YES;
				BUNDLE_LOADER = "$(TEST_HOST)";
				INFOPLIST_FILE = JuntoTestTests/Info.plist;
				LD_RUNPATH_SEARCH_PATHS = "$(inherited) @executable_path/Frameworks @loader_path/Frameworks";
				PRODUCT_BUNDLE_IDENTIFIER = michanical.JuntoTestTests;
				PRODUCT_NAME = "$(TARGET_NAME)";
				SWIFT_VERSION = 3.0;
				TEST_HOST = "$(BUILT_PRODUCTS_DIR)/JuntoTest.app/JuntoTest";
			};
			name = Debug;
		};
		B47D3ED21F16652000BFAEE9 /* Release */ = {
			isa = XCBuildConfiguration;
			baseConfigurationReference = 9444CDDC2C3F9BE8B3A09959 /* Pods-JuntoTestTests.release.xcconfig */;
			buildSettings = {
				ALWAYS_EMBED_SWIFT_STANDARD_LIBRARIES = YES;
				BUNDLE_LOADER = "$(TEST_HOST)";
				INFOPLIST_FILE = JuntoTestTests/Info.plist;
				LD_RUNPATH_SEARCH_PATHS = "$(inherited) @executable_path/Frameworks @loader_path/Frameworks";
				PRODUCT_BUNDLE_IDENTIFIER = michanical.JuntoTestTests;
				PRODUCT_NAME = "$(TARGET_NAME)";
				SWIFT_VERSION = 3.0;
				TEST_HOST = "$(BUILT_PRODUCTS_DIR)/JuntoTest.app/JuntoTest";
			};
			name = Release;
		};
		B47D3ED41F16652000BFAEE9 /* Debug */ = {
			isa = XCBuildConfiguration;
			baseConfigurationReference = 47D7589A8832F33F78DB558D /* Pods-JuntoTestUITests.debug.xcconfig */;
			buildSettings = {
				ALWAYS_EMBED_SWIFT_STANDARD_LIBRARIES = YES;
				INFOPLIST_FILE = JuntoTestUITests/Info.plist;
				LD_RUNPATH_SEARCH_PATHS = "$(inherited) @executable_path/Frameworks @loader_path/Frameworks";
				PRODUCT_BUNDLE_IDENTIFIER = michanical.JuntoTestUITests;
				PRODUCT_NAME = "$(TARGET_NAME)";
				SWIFT_VERSION = 3.0;
				TEST_TARGET_NAME = JuntoTest;
			};
			name = Debug;
		};
		B47D3ED51F16652000BFAEE9 /* Release */ = {
			isa = XCBuildConfiguration;
			baseConfigurationReference = 615C3DA944F5EA11C23F0903 /* Pods-JuntoTestUITests.release.xcconfig */;
			buildSettings = {
				ALWAYS_EMBED_SWIFT_STANDARD_LIBRARIES = YES;
				INFOPLIST_FILE = JuntoTestUITests/Info.plist;
				LD_RUNPATH_SEARCH_PATHS = "$(inherited) @executable_path/Frameworks @loader_path/Frameworks";
				PRODUCT_BUNDLE_IDENTIFIER = michanical.JuntoTestUITests;
				PRODUCT_NAME = "$(TARGET_NAME)";
				SWIFT_VERSION = 3.0;
				TEST_TARGET_NAME = JuntoTest;
			};
			name = Release;
		};
/* End XCBuildConfiguration section */

/* Begin XCConfigurationList section */
		B47D3EA01F16651F00BFAEE9 /* Build configuration list for PBXProject "JuntoTest" */ = {
			isa = XCConfigurationList;
			buildConfigurations = (
				B47D3ECB1F16652000BFAEE9 /* Debug */,
				B47D3ECC1F16652000BFAEE9 /* Release */,
			);
			defaultConfigurationIsVisible = 0;
			defaultConfigurationName = Release;
		};
		B47D3ECD1F16652000BFAEE9 /* Build configuration list for PBXNativeTarget "JuntoTest" */ = {
			isa = XCConfigurationList;
			buildConfigurations = (
				B47D3ECE1F16652000BFAEE9 /* Debug */,
				B47D3ECF1F16652000BFAEE9 /* Release */,
			);
			defaultConfigurationIsVisible = 0;
			defaultConfigurationName = Release;
		};
		B47D3ED01F16652000BFAEE9 /* Build configuration list for PBXNativeTarget "JuntoTestTests" */ = {
			isa = XCConfigurationList;
			buildConfigurations = (
				B47D3ED11F16652000BFAEE9 /* Debug */,
				B47D3ED21F16652000BFAEE9 /* Release */,
			);
			defaultConfigurationIsVisible = 0;
			defaultConfigurationName = Release;
		};
		B47D3ED31F16652000BFAEE9 /* Build configuration list for PBXNativeTarget "JuntoTestUITests" */ = {
			isa = XCConfigurationList;
			buildConfigurations = (
				B47D3ED41F16652000BFAEE9 /* Debug */,
				B47D3ED51F16652000BFAEE9 /* Release */,
			);
			defaultConfigurationIsVisible = 0;
			defaultConfigurationName = Release;
		};
/* End XCConfigurationList section */
	};
	rootObject = B47D3E9D1F16651F00BFAEE9 /* Project object */;
}
